
Microsoft Visual Studio Solution File, Format Version 12.00
# Visual Studio Version 17
VisualStudioVersion = 17.14.36511.14 d17.14
MinimumVisualStudioVersion = 10.0.40219.1
Project("{FAE04EC0-301F-11D3-BF4B-00C04F79EFBC}") = "ClanBattle", "ClanBattle\ClanBattle.csproj", "{224E66A2-0919-40E1-B2AC-B07486EE5F76}"
EndProject
Global
	GlobalSection(SolutionConfigurationPlatforms) = preSolution
		Debug|Any CPU = Debug|Any CPU
		Release|Any CPU = Release|Any CPU
	EndGlobalSection
	GlobalSection(ProjectConfigurationPlatforms) = postSolution
		{224E66A2-0919-40E1-B2AC-B07486EE5F76}.Debug|Any CPU.ActiveCfg = Debug|Any CPU
		{224E66A2-0919-40E1-B2AC-B07486EE5F76}.Debug|Any CPU.Build.0 = Debug|Any CPU
		{224E66A2-0919-40E1-B2AC-B07486EE5F76}.Release|Any CPU.ActiveCfg = Release|Any CPU
		{224E66A2-0919-40E1-B2AC-B07486EE5F76}.Release|Any CPU.Build.0 = Release|Any CPU
	EndGlobalSection
	GlobalSection(SolutionProperties) = preSolution
		HideSolutionNode = FALSE
	EndGlobalSection
	GlobalSection(ExtensibilityGlobals) = postSolution
		SolutionGuid = {FA417C6B-EC36-4550-B896-A4471E919064}
	EndGlobalSection
EndGlobal
