
Microsoft Visual Studio Solution File, Format Version 12.00
# Visual Studio Version 17
VisualStudioVersion = 17.14.36109.1 d17.14
MinimumVisualStudioVersion = 10.0.40219.1
Project("{FAE04EC0-301F-11D3-BF4B-00C04F79EFBC}") = "QuizApp", "QuizApp\QuizApp.csproj", "{D8867562-E588-4AAB-B227-1D50535E0586}"
EndProject
Global
	GlobalSection(SolutionConfigurationPlatforms) = preSolution
		Debug|Any CPU = Debug|Any CPU
		Release|Any CPU = Release|Any CPU
	EndGlobalSection
	GlobalSection(ProjectConfigurationPlatforms) = postSolution
		{D8867562-E588-4AAB-B227-1D50535E0586}.Debug|Any CPU.ActiveCfg = Debug|Any CPU
		{D8867562-E588-4AAB-B227-1D50535E0586}.Debug|Any CPU.Build.0 = Debug|Any CPU
		{D8867562-E588-4AAB-B227-1D50535E0586}.Release|Any CPU.ActiveCfg = Release|Any CPU
		{D8867562-E588-4AAB-B227-1D50535E0586}.Release|Any CPU.Build.0 = Release|Any CPU
	EndGlobalSection
	GlobalSection(SolutionProperties) = preSolution
		HideSolutionNode = FALSE
	EndGlobalSection
	GlobalSection(ExtensibilityGlobals) = postSolution
		SolutionGuid = {66F649C4-5804-4BD4-BB6F-DAC0AEF4FFAF}
	EndGlobalSection
EndGlobal
